{"1.1.0",
[{<<"base64url">>,{pkg,<<"base64url">>,<<"0.0.1">>},0},
 {<<"bear">>,{pkg,<<"bear">>,<<"0.8.7">>},2},
 {<<"bender_proto">>,
  {git,"git@github.com:rbkmoney/bender-proto.git",
       {ref,"d765b9dfeb89d6eefccb947356dab85fbff592a9"}},
  0},
 {<<"binbase_proto">>,
  {git,"git@github.com:rbkmoney/binbase-proto.git",
       {ref,"13bcd24e994ccfd1f25af1cda081399b9b58a014"}},
  0},
 {<<"cache">>,{pkg,<<"cache">>,<<"2.2.0">>},1},
 {<<"certifi">>,{pkg,<<"certifi">>,<<"2.4.2">>},1},
 {<<"cg_mon">>,
  {git,"https://github.com/rbkmoney/cg_mon.git",
       {ref,"5a87a37694e42b6592d3b4164ae54e0e87e24e18"}},
  1},
 {<<"cowboy">>,{pkg,<<"cowboy">>,<<"2.6.3">>},0},
 {<<"cowboy_access_log">>,
  {git,"git@github.com:rbkmoney/cowboy_access_log.git",
       {ref,"ae2baa36c7a705f5d8160b64bc033154a776fa86"}},
  0},
 {<<"cowboy_cors">>,
  {git,"git@github.com:rbkmoney/cowboy_cors.git",
       {ref,"4cac7528845a8610d471b6fbb92321f79d93f0b8"}},
  0},
 {<<"cowlib">>,{pkg,<<"cowlib">>,<<"2.7.3">>},1},
 {<<"dmsl">>,
  {git,"git@github.com:rbkmoney/damsel.git",
       {ref,"96edc3d1ccd73b35b757821758b63d4a36df0ad1"}},
  0},
 {<<"dmt_client">>,
  {git,"git@github.com:rbkmoney/dmt_client.git",
       {ref,"22aba96c65b3655598c1a1325e7ed81ca2bc6181"}},
  0},
 {<<"dmt_core">>,
  {git,"git@github.com:rbkmoney/dmt_core.git",
       {ref,"357066d8be36ce1032d2d6c0d4cb31eb50730335"}},
  1},
 {<<"erl_health">>,
  {git,"https://github.com/rbkmoney/erlang-health.git",
       {ref,"2575c7b63d82a92de54d2d27e504413675e64811"}},
  0},
 {<<"folsom">>,
  {git,"git@github.com:folsom-project/folsom.git",
       {ref,"9309bad9ffadeebbefe97521577c7480c7cfcd8a"}},
  1},
 {<<"genlib">>,
  {git,"https://github.com/rbkmoney/genlib.git",
       {ref,"901f5d7232e21cddc80c2864bf0c918e862b861a"}},
  0},
 {<<"gproc">>,{pkg,<<"gproc">>,<<"0.8.0">>},1},
 {<<"gun">>,
  {git,"https://github.com/ninenines/gun.git",
       {ref,"e7dd9f227e46979d8073e71c683395a809b78cb4"}},
  1},
 {<<"hackney">>,{pkg,<<"hackney">>,<<"1.15.0">>},0},
 {<<"how_are_you">>,
  {git,"https://github.com/rbkmoney/how_are_you.git",
       {ref,"2bb46054e16aaba9357747cc72b7c42e1897a56d"}},
  0},
 {<<"idna">>,{pkg,<<"idna">>,<<"6.0.0">>},1},
 {<<"jesse">>,
  {git,"https://github.com/rbkmoney/jesse.git",
       {ref,"723e835708a022bbce9e57807ecf220b00fb771a"}},
  0},
 {<<"jose">>,{pkg,<<"jose">>,<<"1.7.9">>},0},
 {<<"jsx">>,{pkg,<<"jsx">>,<<"2.8.2">>},0},
 {<<"logger_logstash_formatter">>,
  {git,"git@github.com:rbkmoney/logger_logstash_formatter.git",
       {ref,"b53af86014ba5748d8704cdb23867a590e8a7ae0"}},
  0},
 {<<"metrics">>,{pkg,<<"metrics">>,<<"1.0.1">>},1},
 {<<"mimerl">>,{pkg,<<"mimerl">>,<<"1.0.2">>},1},
 {<<"msgpack_proto">>,
  {git,"git@github.com:rbkmoney/msgpack-proto.git",
       {ref,"946343842ee740a19701df087edd1f1641eff769"}},
  1},
 {<<"parse_trans">>,
  {git,"https://github.com/uwiger/parse_trans.git",
       {ref,"76abb347c3c1d00fb0ccf9e4b43e22b3d2288484"}},
  0},
 {<<"payproc_errors">>,
  {git,"git@github.com:rbkmoney/payproc-errors-erlang.git",
       {ref,"06d284452e8d04b48aee72c4d99b5b9ea04e9d3d"}},
  0},
 {<<"ranch">>,{pkg,<<"ranch">>,<<"1.7.1">>},1},
 {<<"rfc3339">>,{pkg,<<"rfc3339">>,<<"0.2.2">>},0},
 {<<"scoper">>,
  {git,"git@github.com:rbkmoney/scoper.git",
       {ref,"e03318fd1feea0e2bb0ba5c634bb38b18aa81efa"}},
  1},
 {<<"snowflake">>,
  {git,"https://github.com/rbkmoney/snowflake.git",
       {ref,"0a598108f6582affe3b4ae550fc5b9f2062e318a"}},
  1},
 {<<"ssl_verify_fun">>,{pkg,<<"ssl_verify_fun">>,<<"1.1.4">>},1},
 {<<"thrift">>,
  {git,"https://github.com/rbkmoney/thrift_erlang.git",
       {ref,"d393ef9cdb10f3d761ba3a603df2b2929dc19a10"}},
  1},
 {<<"unicode_util_compat">>,{pkg,<<"unicode_util_compat">>,<<"0.4.1">>},2},
 {<<"woody">>,
  {git,"git@github.com:rbkmoney/woody_erlang.git",
       {ref,"5ee89dd0b2d52ff955a4107a8d9dc0f8fdd365a0"}},
  0},
 {<<"woody_user_identity">>,
  {git,"git@github.com:rbkmoney/woody_erlang_user_identity.git",
       {ref,"6eca18a62ccd7f0b3b62f9b2119b328b1798859d"}},
  0}]}.
[
{pkg_hash,[
 {<<"base64url">>, <<"36A90125F5948E3AFD7BE97662A1504B934DD5DAC78451CA6E9ABF85A10286BE">>},
 {<<"bear">>, <<"16264309AE5D005D03718A5C82641FCC259C9E8F09ADEB6FD79CA4271168656F">>},
 {<<"cache">>, <<"3C11DBF4CD8FCD5787C95A5FB2A04038E3729CFCA0386016EEA8C953AB48A5AB">>},
 {<<"certifi">>, <<"75424FF0F3BAACCFD34B1214184B6EF616D89E420B258BB0A5EA7D7BC628F7F0">>},
 {<<"cowboy">>, <<"99AA50E94E685557CAD82E704457336A453D4ABCB77839AD22DBE71F311FCC06">>},
 {<<"cowlib">>, <<"A7FFCD0917E6D50B4D5FB28E9E2085A0CEB3C97DEA310505F7460FF5ED764CE9">>},
 {<<"gproc">>, <<"CEA02C578589C61E5341FCE149EA36CCEF236CC2ECAC8691FBA408E7EA77EC2F">>},
 {<<"hackney">>, <<"287A5D2304D516F63E56C469511C42B016423BCB167E61B611F6BAD47E3CA60E">>},
 {<<"idna">>, <<"689C46CBCDF3524C44D5F3DDE8001F364CD7608A99556D8FBD8239A5798D4C10">>},
 {<<"jose">>, <<"9DC5A14AB62DB4E41677FCC97993752562FB57AD0B8BA062589682EDD3ACB91F">>},
 {<<"jsx">>, <<"7ACC7D785B5ABE8A6E9ADBDE926A24E481F29956DD8B4DF49E3E4E7BCC92A018">>},
 {<<"metrics">>, <<"25F094DEA2CDA98213CECC3AEFF09E940299D950904393B2A29D191C346A8486">>},
 {<<"mimerl">>, <<"993F9B0E084083405ED8252B99460C4F0563E41729AB42D9074FD5E52439BE88">>},
 {<<"ranch">>, <<"6B1FAB51B49196860B733A49C07604465A47BDB78AA10C1C16A3D199F7F8C881">>},
 {<<"rfc3339">>, <<"1552DF616ACA368D982E9F085A0E933B6688A3F4938A671798978EC2C0C58730">>},
 {<<"ssl_verify_fun">>, <<"F0EAFFF810D2041E93F915EF59899C923F4568F4585904D010387ED74988E77B">>},
 {<<"unicode_util_compat">>, <<"D869E4C68901DD9531385BB0C8C40444EBF624E60B6962D95952775CAC5E90CD">>}]}
].
