{"1.1.0",
[{<<"base64url">>,{pkg,<<"base64url">>,<<"0.0.1">>},0},
 {<<"bear">>,{pkg,<<"bear">>,<<"0.8.7">>},2},
 {<<"bender_proto">>,
  {git,"git@github.com:rbkmoney/bender-proto.git",
       {ref,"70f25cc97512522d37a40ee6b9aedb039150fca0"}},
  0},
 {<<"binbase_proto">>,
  {git,"git@github.com:rbkmoney/binbase-proto.git",
       {ref,"13bcd24e994ccfd1f25af1cda081399b9b58a014"}},
  0},
 {<<"cache">>,{pkg,<<"cache">>,<<"2.2.0">>},1},
 {<<"certifi">>,{pkg,<<"certifi">>,<<"0.4.0">>},1},
 {<<"cg_mon">>,
  {git,"https://github.com/rbkmoney/cg_mon.git",
       {ref,"5a87a37694e42b6592d3b4164ae54e0e87e24e18"}},
  1},
 {<<"cowboy">>,{pkg,<<"cowboy">>,<<"2.5.0">>},0},
 {<<"cowboy_access_log">>,
  {git,"git@github.com:rbkmoney/cowboy_access_log.git",
       {ref,"6a0f659c11b2c16c5116f19f90b41cc233ec8716"}},
  0},
 {<<"cowboy_cors">>,
  {git,"https://github.com/rbkmoney/cowboy_cors.git",
       {ref,"4cac7528845a8610d471b6fbb92321f79d93f0b8"}},
  0},
 {<<"cowlib">>,{pkg,<<"cowlib">>,<<"2.6.0">>},1},
 {<<"dmsl">>,
  {git,"git@github.com:rbkmoney/damsel.git",
       {ref,"240d8e6de35a23823b1d8e35f989262a4655124f"}},
  0},
 {<<"dmt_client">>,
  {git,"git@github.com:rbkmoney/dmt_client.git",
       {ref,"6bb0b65a183910c2031b5b81eb84fee045b7de8a"}},
  0},
 {<<"dmt_core">>,
  {git,"git@github.com:rbkmoney/dmt_core.git",
       {ref,"357066d8be36ce1032d2d6c0d4cb31eb50730335"}},
  1},
 {<<"erl_health">>,
  {git,"https://github.com/rbkmoney/erlang-health.git",
       {ref,"2575c7b63d82a92de54d2d27e504413675e64811"}},
  0},
 {<<"folsom">>,
  {git,"git@github.com:folsom-project/folsom.git",
       {ref,"9309bad9ffadeebbefe97521577c7480c7cfcd8a"}},
  1},
 {<<"genlib">>,
  {git,"https://github.com/rbkmoney/genlib.git",
       {ref,"f805a11f6e73faffb05656c5192fbe199df36f27"}},
  0},
 {<<"gproc">>,{pkg,<<"gproc">>,<<"0.8.0">>},1},
 {<<"gun">>,
  {git,"https://github.com/ninenines/gun.git",
       {ref,"e7dd9f227e46979d8073e71c683395a809b78cb4"}},
  1},
 {<<"hackney">>,{pkg,<<"hackney">>,<<"1.5.7">>},0},
 {<<"how_are_you">>,
  {git,"https://github.com/rbkmoney/how_are_you.git",
       {ref,"e960df58c1e8a764894206623eaed0ec57878b91"}},
  0},
 {<<"idna">>,{pkg,<<"idna">>,<<"1.2.0">>},1},
 {<<"jesse">>,
  {git,"https://github.com/rbkmoney/jesse.git",
       {ref,"723e835708a022bbce9e57807ecf220b00fb771a"}},
  0},
 {<<"jose">>,{pkg,<<"jose">>,<<"1.7.9">>},0},
 {<<"jsx">>,{pkg,<<"jsx">>,<<"2.8.2">>},0},
 {<<"logger_logstash_formatter">>,
  {git,"git@github.com:rbkmoney/logger_logstash_formatter.git",
       {ref,"4348f24487c400da0579032422d93acd89c6e121"}},
  0},
 {<<"metrics">>,{pkg,<<"metrics">>,<<"1.0.1">>},1},
 {<<"mimerl">>,{pkg,<<"mimerl">>,<<"1.0.2">>},1},
 {<<"msgpack_proto">>,
  {git,"git@github.com:rbkmoney/msgpack-proto.git",
       {ref,"946343842ee740a19701df087edd1f1641eff769"}},
  1},
 {<<"parse_trans">>,
  {git,"https://github.com/rbkmoney/parse_trans.git",
       {ref,"5ee45f5bfa6c04329bea3281977b774f04c89f11"}},
  0},
 {<<"payproc_errors">>,
  {git,"git@github.com:rbkmoney/payproc-errors-erlang.git",
       {ref,"9c720534eb88edc6ba47af084939efabceb9b2d6"}},
  0},
 {<<"ranch">>,{pkg,<<"ranch">>,<<"1.6.2">>},1},
 {<<"rfc3339">>,
  {git,"https://github.com/rbkmoney/rfc3339.git",
       {ref,"ee3a1a6b1ee60219c49fdcaa9f36a25e91962bb5"}},
  0},
 {<<"scoper">>,
  {git,"git@github.com:rbkmoney/scoper.git",
       {ref,"e03318fd1feea0e2bb0ba5c634bb38b18aa81efa"}},
  1},
 {<<"snowflake">>,
  {git,"https://github.com/rbkmoney/snowflake.git",
       {ref,"0a598108f6582affe3b4ae550fc5b9f2062e318a"}},
  1},
 {<<"ssl_verify_fun">>,{pkg,<<"ssl_verify_fun">>,<<"1.1.0">>},1},
 {<<"thrift">>,
  {git,"https://github.com/rbkmoney/thrift_erlang.git",
       {ref,"240bbc842f6e9b90d01bd07838778cf48752b510"}},
  1},
 {<<"woody">>,
  {git,"git@github.com:rbkmoney/woody_erlang.git",
       {ref,"1f72c9b1e3f6cd1e2e5e671212984f34f87b3057"}},
  0},
 {<<"woody_user_identity">>,
  {git,"git@github.com:rbkmoney/woody_erlang_user_identity.git",
       {ref,"9c7ad2b8beac9c88c54594b264743dec7b9cf696"}},
  0}]}.
[
{pkg_hash,[
 {<<"base64url">>, <<"36A90125F5948E3AFD7BE97662A1504B934DD5DAC78451CA6E9ABF85A10286BE">>},
 {<<"bear">>, <<"16264309AE5D005D03718A5C82641FCC259C9E8F09ADEB6FD79CA4271168656F">>},
 {<<"cache">>, <<"3C11DBF4CD8FCD5787C95A5FB2A04038E3729CFCA0386016EEA8C953AB48A5AB">>},
 {<<"certifi">>, <<"A7966EFB868B179023618D29A407548F70C52466BF1849B9E8EBD0E34B7EA11F">>},
 {<<"cowboy">>, <<"4EF3AE066EE10FE01EA3272EDC8F024347A0D3EB95F6FBB9AED556DACBFC1337">>},
 {<<"cowlib">>, <<"8AA629F81A0FC189F261DC98A42243FA842625FEEA3C7EC56C48F4CCDB55490F">>},
 {<<"gproc">>, <<"CEA02C578589C61E5341FCE149EA36CCEF236CC2ECAC8691FBA408E7EA77EC2F">>},
 {<<"hackney">>, <<"F3809C0A17A3E523A865C65F6552B526F6B799ACD0389803A05F88573EA26162">>},
 {<<"idna">>, <<"AC62EE99DA068F43C50DC69ACF700E03A62A348360126260E87F2B54ECED86B2">>},
 {<<"jose">>, <<"9DC5A14AB62DB4E41677FCC97993752562FB57AD0B8BA062589682EDD3ACB91F">>},
 {<<"jsx">>, <<"7ACC7D785B5ABE8A6E9ADBDE926A24E481F29956DD8B4DF49E3E4E7BCC92A018">>},
 {<<"metrics">>, <<"25F094DEA2CDA98213CECC3AEFF09E940299D950904393B2A29D191C346A8486">>},
 {<<"mimerl">>, <<"993F9B0E084083405ED8252B99460C4F0563E41729AB42D9074FD5E52439BE88">>},
 {<<"ranch">>, <<"6DB93C78F411EE033DBB18BA8234C5574883ACB9A75AF0FB90A9B82EA46AFA00">>},
 {<<"ssl_verify_fun">>, <<"EDEE20847C42E379BF91261DB474FFBE373F8ACB56E9079ACB6038D4E0BF414F">>}]}
].
